
Microsoft Visual Studio Solution File, Format Version 12.00
# Visual Studio Version 17
VisualStudioVersion = 17.0.31903.59
MinimumVisualStudioVersion = 10.0.40219.1
Project("{2150E333-8FDC-42A3-9474-1A3956D46DE8}") = "src", "src", "{9030593D-09DB-402D-9D8C-7C10BA7C5AE9}"
EndProject
Project("{FAE04EC0-301F-11D3-BF4B-00C04F79EFBC}") = "Pango", "src\Pango\Pango.csproj", "{E819B3C7-3564-4387-9EE0-3BCD599ABCA5}"
EndProject
Project("{FAE04EC0-301F-11D3-BF4B-00C04F79EFBC}") = "Pango.Components", "src\Pango.Components\Pango.Components.csproj", "{BA58E7F9-05F5-414F-990B-919D153FCD8B}"
EndProject
Project("{FAE04EC0-301F-11D3-BF4B-00C04F79EFBC}") = "Pango.Tool", "src\Pango.Tool\Pango.Tool.csproj", "{C014F82B-96DA-440C-9113-BDA6AE4D78F8}"
EndProject
Global
	GlobalSection(SolutionConfigurationPlatforms) = preSolution
		Debug|Any CPU = Debug|Any CPU
		Release|Any CPU = Release|Any CPU
	EndGlobalSection
	GlobalSection(SolutionProperties) = preSolution
		HideSolutionNode = FALSE
	EndGlobalSection
	GlobalSection(ProjectConfigurationPlatforms) = postSolution
		{E819B3C7-3564-4387-9EE0-3BCD599ABCA5}.Debug|Any CPU.ActiveCfg = Debug|Any CPU
		{E819B3C7-3564-4387-9EE0-3BCD599ABCA5}.Debug|Any CPU.Build.0 = Debug|Any CPU
		{E819B3C7-3564-4387-9EE0-3BCD599ABCA5}.Release|Any CPU.ActiveCfg = Release|Any CPU
		{E819B3C7-3564-4387-9EE0-3BCD599ABCA5}.Release|Any CPU.Build.0 = Release|Any CPU
		{BA58E7F9-05F5-414F-990B-919D153FCD8B}.Debug|Any CPU.ActiveCfg = Debug|Any CPU
		{BA58E7F9-05F5-414F-990B-919D153FCD8B}.Debug|Any CPU.Build.0 = Debug|Any CPU
		{BA58E7F9-05F5-414F-990B-919D153FCD8B}.Release|Any CPU.ActiveCfg = Release|Any CPU
		{BA58E7F9-05F5-414F-990B-919D153FCD8B}.Release|Any CPU.Build.0 = Release|Any CPU
		{C014F82B-96DA-440C-9113-BDA6AE4D78F8}.Debug|Any CPU.ActiveCfg = Debug|Any CPU
		{C014F82B-96DA-440C-9113-BDA6AE4D78F8}.Debug|Any CPU.Build.0 = Debug|Any CPU
		{C014F82B-96DA-440C-9113-BDA6AE4D78F8}.Release|Any CPU.ActiveCfg = Release|Any CPU
		{C014F82B-96DA-440C-9113-BDA6AE4D78F8}.Release|Any CPU.Build.0 = Release|Any CPU
	EndGlobalSection
	GlobalSection(NestedProjects) = preSolution
		{E819B3C7-3564-4387-9EE0-3BCD599ABCA5} = {9030593D-09DB-402D-9D8C-7C10BA7C5AE9}
		{BA58E7F9-05F5-414F-990B-919D153FCD8B} = {9030593D-09DB-402D-9D8C-7C10BA7C5AE9}
		{C014F82B-96DA-440C-9113-BDA6AE4D78F8} = {9030593D-09DB-402D-9D8C-7C10BA7C5AE9}
	EndGlobalSection
EndGlobal
